
Microsoft Visual Studio Solution File, Format Version 12.00
# Visual Studio 14
VisualStudioVersion = 14.0.25123.0
MinimumVisualStudioVersion = 10.0.40219.1
Project("{FAE04EC0-301F-11D3-BF4B-00C04F79EFBC}") = "WebJobsDemo.Shared", "Source\WebJobsDemo.Shared\WebJobsDemo.Shared.csproj", "{D6B01D88-437D-43B2-BDCB-7CD40A25514D}"
EndProject
Project("{FAE04EC0-301F-11D3-BF4B-00C04F79EFBC}") = "WebJobsDemo.WebJob", "Source\WebJobsDemo.WebJob\WebJobsDemo.WebJob.csproj", "{E81A4DCA-88AF-4ACB-AE87-E3F5718992DC}"
EndProject
Project("{2150E333-8FDC-42A3-9474-1A3956D46DE8}") = "Source", "Source", "{CB11A7D7-D392-438A-B33B-8A9689E98EA4}"
EndProject
Project("{FAE04EC0-301F-11D3-BF4B-00C04F79EFBC}") = "WebJobsDemo.TelemetrySource", "Source\WebJobsDemo.TelemetrySource\WebJobsDemo.TelemetrySource.csproj", "{DFB348E7-11CC-41F9-A7F2-54B9FB9AC2FE}"
EndProject
Global
	GlobalSection(SolutionConfigurationPlatforms) = preSolution
		Debug|Any CPU = Debug|Any CPU
		Release|Any CPU = Release|Any CPU
	EndGlobalSection
	GlobalSection(ProjectConfigurationPlatforms) = postSolution
		{D6B01D88-437D-43B2-BDCB-7CD40A25514D}.Debug|Any CPU.ActiveCfg = Debug|Any CPU
		{D6B01D88-437D-43B2-BDCB-7CD40A25514D}.Debug|Any CPU.Build.0 = Debug|Any CPU
		{D6B01D88-437D-43B2-BDCB-7CD40A25514D}.Release|Any CPU.ActiveCfg = Release|Any CPU
		{D6B01D88-437D-43B2-BDCB-7CD40A25514D}.Release|Any CPU.Build.0 = Release|Any CPU
		{E81A4DCA-88AF-4ACB-AE87-E3F5718992DC}.Debug|Any CPU.ActiveCfg = Debug|Any CPU
		{E81A4DCA-88AF-4ACB-AE87-E3F5718992DC}.Debug|Any CPU.Build.0 = Debug|Any CPU
		{E81A4DCA-88AF-4ACB-AE87-E3F5718992DC}.Release|Any CPU.ActiveCfg = Release|Any CPU
		{E81A4DCA-88AF-4ACB-AE87-E3F5718992DC}.Release|Any CPU.Build.0 = Release|Any CPU
		{DFB348E7-11CC-41F9-A7F2-54B9FB9AC2FE}.Debug|Any CPU.ActiveCfg = Debug|Any CPU
		{DFB348E7-11CC-41F9-A7F2-54B9FB9AC2FE}.Debug|Any CPU.Build.0 = Debug|Any CPU
		{DFB348E7-11CC-41F9-A7F2-54B9FB9AC2FE}.Release|Any CPU.ActiveCfg = Release|Any CPU
		{DFB348E7-11CC-41F9-A7F2-54B9FB9AC2FE}.Release|Any CPU.Build.0 = Release|Any CPU
	EndGlobalSection
	GlobalSection(SolutionProperties) = preSolution
		HideSolutionNode = FALSE
	EndGlobalSection
	GlobalSection(NestedProjects) = preSolution
		{D6B01D88-437D-43B2-BDCB-7CD40A25514D} = {CB11A7D7-D392-438A-B33B-8A9689E98EA4}
		{E81A4DCA-88AF-4ACB-AE87-E3F5718992DC} = {CB11A7D7-D392-438A-B33B-8A9689E98EA4}
		{DFB348E7-11CC-41F9-A7F2-54B9FB9AC2FE} = {CB11A7D7-D392-438A-B33B-8A9689E98EA4}
	EndGlobalSection
EndGlobal
